{
  "version": 4,
  "terraform_version": "1.4.6",
  "serial": 4,
  "lineage": "6409e0a1-74ce-7344-8d97-61b44631324d",
  "outputs": {},
  "resources": [
    {
      "mode": "managed",
      "type": "azurerm_resource_group",
      "name": "meltano_state_test",
      "provider": "provider[\"registry.terraform.io/hashicorp/azurerm\"]",
      "instances": [
        {
          "schema_version": 0,
          "attributes": {
            "id": "/subscriptions/673a1097-371a-4130-95a4-4e70c7b2bc68/resourceGroups/meltano_state_test",
            "location": "brazilsouth",
            "name": "meltano_state_test",
            "tags": null,
            "timeouts": null
          },
          "sensitive_attributes": [],
          "private": "eyJlMmJmYjczMC1lY2FhLTExZTYtOGY4OC0zNDM2M2JjN2M0YzAiOnsiY3JlYXRlIjo1NDAwMDAwMDAwMDAwLCJkZWxldGUiOjU0MDAwMDAwMDAwMDAsInJlYWQiOjMwMDAwMDAwMDAwMCwidXBkYXRlIjo1NDAwMDAwMDAwMDAwfX0="
        }
      ]
    },
    {
      "mode": "managed",
      "type": "azurerm_storage_account",
      "name": "meltanostatestorage",
      "provider": "provider[\"registry.terraform.io/hashicorp/azurerm\"]",
      "instances": [
        {
          "schema_version": 3,
          "attributes": {
            "access_tier": "Hot",
            "account_kind": "StorageV2",
            "account_replication_type": "LRS",
            "account_tier": "Standard",
            "allow_nested_items_to_be_public": true,
            "azure_files_authentication": [],
            "blob_properties": [
              {
                "change_feed_enabled": false,
                "container_delete_retention_policy": [],
                "cors_rule": [],
                "default_service_version": "",
                "delete_retention_policy": [],
                "last_access_time_enabled": false,
                "versioning_enabled": false
              }
            ],
            "custom_domain": [],
            "customer_managed_key": [],
            "edge_zone": "",
            "enable_https_traffic_only": true,
            "id": "/subscriptions/673a1097-371a-4130-95a4-4e70c7b2bc68/resourceGroups/meltano_state_test/providers/Microsoft.Storage/storageAccounts/meltanostatestorage",
            "identity": [],
            "infrastructure_encryption_enabled": false,
            "is_hns_enabled": false,
            "large_file_share_enabled": null,
            "location": "brazilsouth",
            "min_tls_version": "TLS1_2",
            "name": "meltanostatestorage",
            "network_rules": [
              {
                "bypass": [
                  "AzureServices"
                ],
                "default_action": "Allow",
                "ip_rules": [],
                "private_link_access": [],
                "virtual_network_subnet_ids": []
              }
            ],
            "nfsv3_enabled": false,
            "primary_access_key": "rPBrmnkD2K4Xl4315znQRmFWxMS5jbH9fcoxLpVDGz3/fw+bBhyX2mq2TSV4qDvKJsf2Hm2nkt0h+ASt5tmlNg==",
            "primary_blob_connection_string": "DefaultEndpointsProtocol=https;BlobEndpoint=https://meltanostatestorage.blob.core.windows.net/;AccountName=meltanostatestorage;AccountKey=rPBrmnkD2K4Xl4315znQRmFWxMS5jbH9fcoxLpVDGz3/fw+bBhyX2mq2TSV4qDvKJsf2Hm2nkt0h+ASt5tmlNg==",
            "primary_blob_endpoint": "https://meltanostatestorage.blob.core.windows.net/",
            "primary_blob_host": "meltanostatestorage.blob.core.windows.net",
            "primary_connection_string": "DefaultEndpointsProtocol=https;AccountName=meltanostatestorage;AccountKey=rPBrmnkD2K4Xl4315znQRmFWxMS5jbH9fcoxLpVDGz3/fw+bBhyX2mq2TSV4qDvKJsf2Hm2nkt0h+ASt5tmlNg==;EndpointSuffix=core.windows.net",
            "primary_dfs_endpoint": "https://meltanostatestorage.dfs.core.windows.net/",
            "primary_dfs_host": "meltanostatestorage.dfs.core.windows.net",
            "primary_file_endpoint": "https://meltanostatestorage.file.core.windows.net/",
            "primary_file_host": "meltanostatestorage.file.core.windows.net",
            "primary_location": "brazilsouth",
            "primary_queue_endpoint": "https://meltanostatestorage.queue.core.windows.net/",
            "primary_queue_host": "meltanostatestorage.queue.core.windows.net",
            "primary_table_endpoint": "https://meltanostatestorage.table.core.windows.net/",
            "primary_table_host": "meltanostatestorage.table.core.windows.net",
            "primary_web_endpoint": "https://meltanostatestorage.z15.web.core.windows.net/",
            "primary_web_host": "meltanostatestorage.z15.web.core.windows.net",
            "queue_encryption_key_type": "Service",
            "queue_properties": [
              {
                "cors_rule": [],
                "hour_metrics": [
                  {
                    "enabled": true,
                    "include_apis": true,
                    "retention_policy_days": 7,
                    "version": "1.0"
                  }
                ],
                "logging": [
                  {
                    "delete": false,
                    "read": false,
                    "retention_policy_days": 0,
                    "version": "1.0",
                    "write": false
                  }
                ],
                "minute_metrics": [
                  {
                    "enabled": false,
                    "include_apis": false,
                    "retention_policy_days": 0,
                    "version": "1.0"
                  }
                ]
              }
            ],
            "resource_group_name": "meltano_state_test",
            "routing": [],
            "secondary_access_key": "7cmIiHsxnepwJ2wIQeDQOLjBc6juCsMeOqjpHI2/DyhqO7fwqxtuOFXMWVWyVmqJDCESvU42yp0i+AStPeEu2g==",
            "secondary_blob_connection_string": "",
            "secondary_blob_endpoint": null,
            "secondary_blob_host": null,
            "secondary_connection_string": "DefaultEndpointsProtocol=https;AccountName=meltanostatestorage;AccountKey=7cmIiHsxnepwJ2wIQeDQOLjBc6juCsMeOqjpHI2/DyhqO7fwqxtuOFXMWVWyVmqJDCESvU42yp0i+AStPeEu2g==;EndpointSuffix=core.windows.net",
            "secondary_dfs_endpoint": null,
            "secondary_dfs_host": null,
            "secondary_file_endpoint": null,
            "secondary_file_host": null,
            "secondary_location": "",
            "secondary_queue_endpoint": null,
            "secondary_queue_host": null,
            "secondary_table_endpoint": null,
            "secondary_table_host": null,
            "secondary_web_endpoint": null,
            "secondary_web_host": null,
            "share_properties": [
              {
                "cors_rule": [],
                "retention_policy": [
                  {
                    "days": 7
                  }
                ],
                "smb": []
              }
            ],
            "shared_access_key_enabled": true,
            "static_website": [],
            "table_encryption_key_type": "Service",
            "tags": null,
            "timeouts": null
          },
          "sensitive_attributes": [],
          "private": "eyJlMmJmYjczMC1lY2FhLTExZTYtOGY4OC0zNDM2M2JjN2M0YzAiOnsiY3JlYXRlIjozNjAwMDAwMDAwMDAwLCJkZWxldGUiOjM2MDAwMDAwMDAwMDAsInJlYWQiOjMwMDAwMDAwMDAwMCwidXBkYXRlIjozNjAwMDAwMDAwMDAwfSwic2NoZW1hX3ZlcnNpb24iOiIzIn0=",
          "dependencies": [
            "azurerm_resource_group.meltano_state_test"
          ]
        }
      ]
    },
    {
      "mode": "managed",
      "type": "azurerm_storage_container",
      "name": "meltanostatecontainer",
      "provider": "provider[\"registry.terraform.io/hashicorp/azurerm\"]",
      "instances": [
        {
          "schema_version": 1,
          "attributes": {
            "container_access_type": "private",
            "has_immutability_policy": false,
            "has_legal_hold": false,
            "id": "https://meltanostatestorage.blob.core.windows.net/meltanostatecontainer",
            "metadata": {},
            "name": "meltanostatecontainer",
            "resource_manager_id": "/subscriptions/673a1097-371a-4130-95a4-4e70c7b2bc68/resourceGroups/meltano_state_test/providers/Microsoft.Storage/storageAccounts/meltanostatestorage/blobServices/default/containers/meltanostatecontainer",
            "storage_account_name": "meltanostatestorage",
            "timeouts": null
          },
          "sensitive_attributes": [],
          "private": "eyJlMmJmYjczMC1lY2FhLTExZTYtOGY4OC0zNDM2M2JjN2M0YzAiOnsiY3JlYXRlIjoxODAwMDAwMDAwMDAwLCJkZWxldGUiOjE4MDAwMDAwMDAwMDAsInJlYWQiOjMwMDAwMDAwMDAwMCwidXBkYXRlIjoxODAwMDAwMDAwMDAwfSwic2NoZW1hX3ZlcnNpb24iOiIxIn0=",
          "dependencies": [
            "azurerm_resource_group.meltano_state_test",
            "azurerm_storage_account.meltanostatestorage"
          ]
        }
      ]
    }
  ],
  "check_results": null
}
